# This file is autogenerated, do not edit; changes may be undone by the next 'dep ensure'.


[[projects]]
  branch = "master"
  name = "github.com/lspgn/gortrlib"
  packages = ["."]
  revision = "433eca3cec300715463af3f790327113011c652f"

[[projects]]
  name = "github.com/sirupsen/logrus"
  packages = ["."]
  revision = "c155da19408a8799da419ed3eeb0cb5db0ad5dbc"
  version = "v1.0.5"

[[projects]]
  branch = "master"
  name = "golang.org/x/crypto"
  packages = ["ssh/terminal"]
  revision = "a49355c7e3f8fe157a85be2f77e6e269a0f89602"

[[projects]]
  branch = "master"
  name = "golang.org/x/sys"
  packages = [
    "unix",
    "windows"
  ]
  revision = "151529c776cdc58ddbe7963ba9af779f3577b419"

[solve-meta]
  analyzer-name = "dep"
  analyzer-version = 1
  inputs-digest = "d3b83abc24431faf311ab1c4edf46403bdd4495a6d561a34bdec24c05caaa756"
  solver-name = "gps-cdcl"
  solver-version = 1
